
Microsoft Visual Studio Solution File, Format Version 12.00
# Visual Studio Version 17
VisualStudioVersion = 17.12.35527.113
MinimumVisualStudioVersion = 10.0.40219.1
Project("{2150E333-8FDC-42A3-9474-1A3956D46DE8}") = "src", "src", "{C91C1014-ED04-4019-B013-220FB8709506}"
EndProject
Project("{FAE04EC0-301F-11D3-BF4B-00C04F79EFBC}") = "Data", "Data\Data\Data.csproj", "{91D5763D-F734-4989-84ED-D77C95C8C38C}"
EndProject
Project("{FAE04EC0-301F-11D3-BF4B-00C04F79EFBC}") = "Sigma", "Sigma\Sigma.csproj", "{99FA71C5-4DCE-484F-9593-D4F4AFF85F17}"
EndProject
Project("{FAE04EC0-301F-11D3-BF4B-00C04F79EFBC}") = "Services", "Services\Services.csproj", "{38E610E8-3735-4EF8-9B2F-58A267812E76}"
EndProject
Project("{FAE04EC0-301F-11D3-BF4B-00C04F79EFBC}") = "Application", "Application\Application.csproj", "{65E45084-52E2-40F1-8532-43543B0A03E4}"
EndProject
Project("{2150E333-8FDC-42A3-9474-1A3956D46DE8}") = "test", "test", "{1CB5EDE7-1344-4F9C-9EAA-9F73F4F6D908}"
EndProject
Project("{FAE04EC0-301F-11D3-BF4B-00C04F79EFBC}") = "API.IntegrationTest", "API.IntegrationTest\API.IntegrationTest.csproj", "{90460325-C710-4518-8BB4-F283CBEC6C8F}"
EndProject
Global
	GlobalSection(SolutionConfigurationPlatforms) = preSolution
		Debug|Any CPU = Debug|Any CPU
		Release|Any CPU = Release|Any CPU
	EndGlobalSection
	GlobalSection(ProjectConfigurationPlatforms) = postSolution
		{91D5763D-F734-4989-84ED-D77C95C8C38C}.Debug|Any CPU.ActiveCfg = Debug|Any CPU
		{91D5763D-F734-4989-84ED-D77C95C8C38C}.Debug|Any CPU.Build.0 = Debug|Any CPU
		{91D5763D-F734-4989-84ED-D77C95C8C38C}.Release|Any CPU.ActiveCfg = Release|Any CPU
		{91D5763D-F734-4989-84ED-D77C95C8C38C}.Release|Any CPU.Build.0 = Release|Any CPU
		{99FA71C5-4DCE-484F-9593-D4F4AFF85F17}.Debug|Any CPU.ActiveCfg = Debug|Any CPU
		{99FA71C5-4DCE-484F-9593-D4F4AFF85F17}.Debug|Any CPU.Build.0 = Debug|Any CPU
		{99FA71C5-4DCE-484F-9593-D4F4AFF85F17}.Release|Any CPU.ActiveCfg = Release|Any CPU
		{99FA71C5-4DCE-484F-9593-D4F4AFF85F17}.Release|Any CPU.Build.0 = Release|Any CPU
		{38E610E8-3735-4EF8-9B2F-58A267812E76}.Debug|Any CPU.ActiveCfg = Debug|Any CPU
		{38E610E8-3735-4EF8-9B2F-58A267812E76}.Debug|Any CPU.Build.0 = Debug|Any CPU
		{38E610E8-3735-4EF8-9B2F-58A267812E76}.Release|Any CPU.ActiveCfg = Release|Any CPU
		{38E610E8-3735-4EF8-9B2F-58A267812E76}.Release|Any CPU.Build.0 = Release|Any CPU
		{65E45084-52E2-40F1-8532-43543B0A03E4}.Debug|Any CPU.ActiveCfg = Debug|Any CPU
		{65E45084-52E2-40F1-8532-43543B0A03E4}.Debug|Any CPU.Build.0 = Debug|Any CPU
		{65E45084-52E2-40F1-8532-43543B0A03E4}.Release|Any CPU.ActiveCfg = Release|Any CPU
		{65E45084-52E2-40F1-8532-43543B0A03E4}.Release|Any CPU.Build.0 = Release|Any CPU
		{90460325-C710-4518-8BB4-F283CBEC6C8F}.Debug|Any CPU.ActiveCfg = Debug|Any CPU
		{90460325-C710-4518-8BB4-F283CBEC6C8F}.Debug|Any CPU.Build.0 = Debug|Any CPU
		{90460325-C710-4518-8BB4-F283CBEC6C8F}.Release|Any CPU.ActiveCfg = Release|Any CPU
		{90460325-C710-4518-8BB4-F283CBEC6C8F}.Release|Any CPU.Build.0 = Release|Any CPU
	EndGlobalSection
	GlobalSection(SolutionProperties) = preSolution
		HideSolutionNode = FALSE
	EndGlobalSection
	GlobalSection(NestedProjects) = preSolution
		{91D5763D-F734-4989-84ED-D77C95C8C38C} = {C91C1014-ED04-4019-B013-220FB8709506}
		{99FA71C5-4DCE-484F-9593-D4F4AFF85F17} = {C91C1014-ED04-4019-B013-220FB8709506}
		{38E610E8-3735-4EF8-9B2F-58A267812E76} = {C91C1014-ED04-4019-B013-220FB8709506}
		{65E45084-52E2-40F1-8532-43543B0A03E4} = {C91C1014-ED04-4019-B013-220FB8709506}
		{90460325-C710-4518-8BB4-F283CBEC6C8F} = {1CB5EDE7-1344-4F9C-9EAA-9F73F4F6D908}
	EndGlobalSection
EndGlobal
