
Microsoft Visual Studio Solution File, Format Version 12.00
# Visual Studio Version 17
VisualStudioVersion = 17.12.35527.113
MinimumVisualStudioVersion = 10.0.40219.1
Project("{2150E333-8FDC-42A3-9474-1A3956D46DE8}") = "src", "src", "{C91C1014-ED04-4019-B013-220FB8709506}"
EndProject
Project("{FAE04EC0-301F-11D3-BF4B-00C04F79EFBC}") = "Data", "Data\Data\Data.csproj", "{91D5763D-F734-4989-84ED-D77C95C8C38C}"
EndProject
Project("{FAE04EC0-301F-11D3-BF4B-00C04F79EFBC}") = "Sigma", "Sigma\Sigma.csproj", "{99FA71C5-4DCE-484F-9593-D4F4AFF85F17}"
EndProject
Global
	GlobalSection(SolutionConfigurationPlatforms) = preSolution
		Debug|Any CPU = Debug|Any CPU
		Release|Any CPU = Release|Any CPU
	EndGlobalSection
	GlobalSection(ProjectConfigurationPlatforms) = postSolution
		{91D5763D-F734-4989-84ED-D77C95C8C38C}.Debug|Any CPU.ActiveCfg = Debug|Any CPU
		{91D5763D-F734-4989-84ED-D77C95C8C38C}.Debug|Any CPU.Build.0 = Debug|Any CPU
		{91D5763D-F734-4989-84ED-D77C95C8C38C}.Release|Any CPU.ActiveCfg = Release|Any CPU
		{91D5763D-F734-4989-84ED-D77C95C8C38C}.Release|Any CPU.Build.0 = Release|Any CPU
		{99FA71C5-4DCE-484F-9593-D4F4AFF85F17}.Debug|Any CPU.ActiveCfg = Debug|Any CPU
		{99FA71C5-4DCE-484F-9593-D4F4AFF85F17}.Debug|Any CPU.Build.0 = Debug|Any CPU
		{99FA71C5-4DCE-484F-9593-D4F4AFF85F17}.Release|Any CPU.ActiveCfg = Release|Any CPU
		{99FA71C5-4DCE-484F-9593-D4F4AFF85F17}.Release|Any CPU.Build.0 = Release|Any CPU
	EndGlobalSection
	GlobalSection(SolutionProperties) = preSolution
		HideSolutionNode = FALSE
	EndGlobalSection
	GlobalSection(NestedProjects) = preSolution
		{91D5763D-F734-4989-84ED-D77C95C8C38C} = {C91C1014-ED04-4019-B013-220FB8709506}
		{99FA71C5-4DCE-484F-9593-D4F4AFF85F17} = {C91C1014-ED04-4019-B013-220FB8709506}
	EndGlobalSection
EndGlobal
